
Microsoft Visual Studio Solution File, Format Version 12.00
Project("{F2A71F9B-5D33-465A-A702-920D77279786}") = "VndbReProxy.Proto", "VndbReProxy.Proto\VndbReProxy.Proto.fsproj", "{1929DA7C-1334-45BB-B8FD-079979CDC429}"
EndProject
Project("{F2A71F9B-5D33-465A-A702-920D77279786}") = "VndbReProxy.ConsoleApp", "VndbReProxy.ConsoleApp\VndbReProxy.ConsoleApp.fsproj", "{44FAF902-85B0-4187-9060-0EFED126AEFF}"
EndProject
Project("{F2A71F9B-5D33-465A-A702-920D77279786}") = "VndbReProxy.Api", "VndbReProxy.Api\VndbReProxy.Api.fsproj", "{3E5FD518-5040-44CE-BFE9-CA9271CB0CB8}"
EndProject
Project("{F2A71F9B-5D33-465A-A702-920D77279786}") = "VndbReProxy.Prelude", "VndbReProxy.Prelude\VndbReProxy.Prelude.fsproj", "{A3E7BFFE-E1FA-45F3-8CD5-B7D3237726CB}"
EndProject
Global
	GlobalSection(SolutionConfigurationPlatforms) = preSolution
		Debug|Any CPU = Debug|Any CPU
		Release|Any CPU = Release|Any CPU
	EndGlobalSection
	GlobalSection(ProjectConfigurationPlatforms) = postSolution
		{1929DA7C-1334-45BB-B8FD-079979CDC429}.Debug|Any CPU.ActiveCfg = Debug|Any CPU
		{1929DA7C-1334-45BB-B8FD-079979CDC429}.Debug|Any CPU.Build.0 = Debug|Any CPU
		{1929DA7C-1334-45BB-B8FD-079979CDC429}.Release|Any CPU.ActiveCfg = Release|Any CPU
		{1929DA7C-1334-45BB-B8FD-079979CDC429}.Release|Any CPU.Build.0 = Release|Any CPU
		{44FAF902-85B0-4187-9060-0EFED126AEFF}.Debug|Any CPU.ActiveCfg = Debug|Any CPU
		{44FAF902-85B0-4187-9060-0EFED126AEFF}.Debug|Any CPU.Build.0 = Debug|Any CPU
		{44FAF902-85B0-4187-9060-0EFED126AEFF}.Release|Any CPU.ActiveCfg = Release|Any CPU
		{44FAF902-85B0-4187-9060-0EFED126AEFF}.Release|Any CPU.Build.0 = Release|Any CPU
		{3E5FD518-5040-44CE-BFE9-CA9271CB0CB8}.Debug|Any CPU.ActiveCfg = Debug|Any CPU
		{3E5FD518-5040-44CE-BFE9-CA9271CB0CB8}.Debug|Any CPU.Build.0 = Debug|Any CPU
		{3E5FD518-5040-44CE-BFE9-CA9271CB0CB8}.Release|Any CPU.ActiveCfg = Release|Any CPU
		{3E5FD518-5040-44CE-BFE9-CA9271CB0CB8}.Release|Any CPU.Build.0 = Release|Any CPU
		{A3E7BFFE-E1FA-45F3-8CD5-B7D3237726CB}.Debug|Any CPU.ActiveCfg = Debug|Any CPU
		{A3E7BFFE-E1FA-45F3-8CD5-B7D3237726CB}.Debug|Any CPU.Build.0 = Debug|Any CPU
		{A3E7BFFE-E1FA-45F3-8CD5-B7D3237726CB}.Release|Any CPU.ActiveCfg = Release|Any CPU
		{A3E7BFFE-E1FA-45F3-8CD5-B7D3237726CB}.Release|Any CPU.Build.0 = Release|Any CPU
	EndGlobalSection
EndGlobal
